
Microsoft Visual Studio Solution File, Format Version 12.00
# Visual Studio 2013
VisualStudioVersion = 12.0.31101.0
MinimumVisualStudioVersion = 10.0.40219.1
Project("{2150E333-8FDC-42A3-9474-1A3956D46DE8}") = "Lib", "Lib", "{E6B46FC4-1652-43EB-81EE-39F7E4BA6F2D}"
EndProject
Project("{2150E333-8FDC-42A3-9474-1A3956D46DE8}") = "Samples", "Samples", "{3DA43E32-E483-4B11-9785-68669014A63A}"
EndProject
Project("{2150E333-8FDC-42A3-9474-1A3956D46DE8}") = "WindowsForms", "WindowsForms", "{5FFD1B5D-D635-4022-BEC0-EBBA6C4CB319}"
EndProject
Project("{2150E333-8FDC-42A3-9474-1A3956D46DE8}") = "BaseClasses", "BaseClasses", "{E9E45B4E-6C77-4173-B254-B7E1D3FD52D2}"
EndProject
Project("{2150E333-8FDC-42A3-9474-1A3956D46DE8}") = "WPF", "WPF", "{A2E96C4A-9E9A-40F3-809C-779935D2C0C6}"
EndProject
Project("{2150E333-8FDC-42A3-9474-1A3956D46DE8}") = "ASPNET_WebForms", "ASPNET_WebForms", "{378DEE54-690B-4745-992A-AFC818FB514E}"
EndProject
Project("{2150E333-8FDC-42A3-9474-1A3956D46DE8}") = "ASPNET_MVC", "ASPNET_MVC", "{36B29F0A-F3FE-46C8-A3D3-DB4EC747B8A7}"
EndProject
Project("{2150E333-8FDC-42A3-9474-1A3956D46DE8}") = "Silverlight", "Silverlight", "{E01CC36B-ABF8-4DC8-9C63-9CE03500A766}"
EndProject
Project("{2150E333-8FDC-42A3-9474-1A3956D46DE8}") = "SamplesBrowser", "SamplesBrowser", "{4D8225ED-5A0A-460B-B8D2-40BE32CAD480}"
EndProject
Project("{2150E333-8FDC-42A3-9474-1A3956D46DE8}") = "SQLiteTestDb", "SQLiteTestDb", "{B57E09B1-B8DA-4581-9794-AEC471017757}"
EndProject
Project("{2150E333-8FDC-42A3-9474-1A3956D46DE8}") = "_Readme", "_Readme", "{AC1E729F-0C49-4976-AEDA-53B8DC724BA5}"
	ProjectSection(SolutionItems) = preProject
		Prerequisites.txt = Prerequisites.txt
	EndProjectSection
EndProject
Project("{2150E333-8FDC-42A3-9474-1A3956D46DE8}") = "VisualTests", "VisualTests", "{FC4B8F47-1542-4CFE-B4AF-E14EB6D53499}"
	ProjectSection(SolutionItems) = preProject
		Samples\PdfThumbnailComparer\Prerequisites.txt = Samples\PdfThumbnailComparer\Prerequisites.txt
	EndProjectSection
EndProject
Project("{2150E333-8FDC-42A3-9474-1A3956D46DE8}") = "ORMs", "ORMs", "{CA706A92-AA36-4960-9ACD-637C2B82EF7B}"
EndProject
Project("{2150E333-8FDC-42A3-9474-1A3956D46DE8}") = "Printing", "Printing", "{B022EF1E-43FC-4E62-884F-8E1BDFE84A18}"
EndProject
Project("{FAE04EC0-301F-11D3-BF4B-00C04F79EFBC}") = "PdfRpt", "Lib\PdfRpt.csproj", "{7151EF82-995E-429B-BBA8-A3EE7FBD3536}"
EndProject
Project("{FAE04EC0-301F-11D3-BF4B-00C04F79EFBC}") = "PdfReportSamples", "Samples\PdfReportSamples\PdfReportSamples.csproj", "{905D0B29-2E48-4254-860E-CA7DD67F276E}"
EndProject
Project("{FAE04EC0-301F-11D3-BF4B-00C04F79EFBC}") = "WindowsFormsAppTests", "Samples\WindowsFormsAppTests\WindowsFormsAppTests.csproj", "{297C60D1-8CFA-438F-8DFE-2B53AE880D45}"
EndProject
Project("{FAE04EC0-301F-11D3-BF4B-00C04F79EFBC}") = "WpfAppTests", "Samples\WpfAppTests\WpfAppTests.csproj", "{E5BF32CE-5EB9-4DA4-9C08-1215F06A69ED}"
EndProject
Project("{FAE04EC0-301F-11D3-BF4B-00C04F79EFBC}") = "WebAppTests", "Samples\WebAppTests\WebAppTests.csproj", "{8BE9ACF6-A736-4E5A-AC74-9D9C4E495984}"
EndProject
Project("{FAE04EC0-301F-11D3-BF4B-00C04F79EFBC}") = "MvcApplication", "Samples\MvcApplication\MvcApplication.csproj", "{2AF797E7-BBB5-4081-82B8-538C6331822F}"
EndProject
Project("{FAE04EC0-301F-11D3-BF4B-00C04F79EFBC}") = "SlPdf", "Samples\SlPdf\SlPdf\SlPdf.csproj", "{B8A291F7-46A0-4248-91AC-72A8EED2CEFC}"
EndProject
Project("{FAE04EC0-301F-11D3-BF4B-00C04F79EFBC}") = "SlPdf.Web", "Samples\SlPdf\SlPdf.Web\SlPdf.Web.csproj", "{2AA67F6D-E3E1-480F-AEA5-349E2D449093}"
EndProject
Project("{FAE04EC0-301F-11D3-BF4B-00C04F79EFBC}") = "DemosBrowser", "Samples\DemosBrowser\DemosBrowser.csproj", "{18B24B89-05D3-42B3-BFDF-652D2F164D92}"
EndProject
Project("{FAE04EC0-301F-11D3-BF4B-00C04F79EFBC}") = "SQLiteTestDb", "Samples\SQLiteTestDb\SQLiteTestDb.csproj", "{536D50D8-C909-47D4-8C76-C12739FBB6CA}"
EndProject
Project("{FAE04EC0-301F-11D3-BF4B-00C04F79EFBC}") = "WpfPdfViewer", "Samples\WpfAppAcroReader\WpfPdfViewer.csproj", "{BC84426F-3E14-4244-8CDE-71CA4D7331C0}"
EndProject
Project("{FAE04EC0-301F-11D3-BF4B-00C04F79EFBC}") = "PdfThumbnailComparer", "Samples\PdfThumbnailComparer\PdfThumbnailComparer\PdfThumbnailComparer.csproj", "{072156E0-8DB2-420A-9791-502F7DFBBC89}"
EndProject
Project("{FAE04EC0-301F-11D3-BF4B-00C04F79EFBC}") = "PdfThumbnailComparer.Lib", "Samples\PdfThumbnailComparer\PdfThumbnailComparer.Lib\PdfThumbnailComparer.Lib.csproj", "{B2E6DE01-B273-461E-9653-46BABE66A720}"
EndProject
Project("{FAE04EC0-301F-11D3-BF4B-00C04F79EFBC}") = "EFCodeFirstSample", "Samples\EFCodeFirstSample\EFCodeFirstSample.csproj", "{9858C446-C23A-4D3E-B165-48E55047FB34}"
EndProject
Project("{FAE04EC0-301F-11D3-BF4B-00C04F79EFBC}") = "PdfFilePrinter", "Samples\PdfFilePrinter\PdfFilePrinter.csproj", "{7EA2EDEE-8716-499D-A07A-ADFA6AB0B64C}"
EndProject
Project("{FAE04EC0-301F-11D3-BF4B-00C04F79EFBC}") = "EFCodeFirstMvc4Sample", "Samples\EFCodeFirstMvc4Sample\EFCodeFirstMvc4Sample.csproj", "{5EAF76AA-2DF0-40C9-A124-AB8C38F1312D}"
EndProject
Project("{FAE04EC0-301F-11D3-BF4B-00C04F79EFBC}") = "jqGridToPdfReportMvcApp", "Samples\jqGridToPdfReportMvcApp\jqGridToPdfReportMvcApp.csproj", "{ED6E1963-610B-4164-9921-E63744652CBE}"
EndProject
Project("{2150E333-8FDC-42A3-9474-1A3956D46DE8}") = "Win81Desktop", "Win81Desktop", "{1FFCE7BC-4E44-4280-9BB2-D21CA23FDDBA}"
EndProject
Project("{FAE04EC0-301F-11D3-BF4B-00C04F79EFBC}") = "Win81PdfToImage", "Samples\Win81PdfToImage\Win81PdfToImage.csproj", "{1E85984E-B75B-466E-B3DF-8085F8044AB1}"
EndProject
Project("{FAE04EC0-301F-11D3-BF4B-00C04F79EFBC}") = "Win81PDFViewer", "Samples\Win81PDFViewer\Win81PDFViewer.csproj", "{55ADD1D9-71C4-44D5-8B45-A735576BB9D2}"
EndProject
Project("{2150E333-8FDC-42A3-9474-1A3956D46DE8}") = ".nuget", ".nuget", "{CBA732A7-50AA-4EA6-BC98-B06130977A7B}"
	ProjectSection(SolutionItems) = preProject
		.nuget\NuGet.Config = .nuget\NuGet.Config
		.nuget\NuGet.exe = .nuget\NuGet.exe
		.nuget\NuGet.targets = .nuget\NuGet.targets
		.nuget\Package.nuspec = .nuget\Package.nuspec
	EndProjectSection
EndProject
Project("{2150E333-8FDC-42A3-9474-1A3956D46DE8}") = "Solution Items", "Solution Items", "{16BF686D-4962-4E0B-849E-9EFBEB7514CC}"
	ProjectSection(SolutionItems) = preProject
		LICENSE.md = LICENSE.md
		README.md = README.md
	EndProjectSection
EndProject
Global
	GlobalSection(SolutionConfigurationPlatforms) = preSolution
		Release|Any CPU = Release|Any CPU
		Release|Mixed Platforms = Release|Mixed Platforms
		Release|x86 = Release|x86
	EndGlobalSection
	GlobalSection(ProjectConfigurationPlatforms) = postSolution
		{7151EF82-995E-429B-BBA8-A3EE7FBD3536}.Release|Any CPU.ActiveCfg = Release|Any CPU
		{7151EF82-995E-429B-BBA8-A3EE7FBD3536}.Release|Any CPU.Build.0 = Release|Any CPU
		{7151EF82-995E-429B-BBA8-A3EE7FBD3536}.Release|Mixed Platforms.ActiveCfg = Release|Any CPU
		{7151EF82-995E-429B-BBA8-A3EE7FBD3536}.Release|Mixed Platforms.Build.0 = Release|Any CPU
		{7151EF82-995E-429B-BBA8-A3EE7FBD3536}.Release|x86.ActiveCfg = Release|Any CPU
		{905D0B29-2E48-4254-860E-CA7DD67F276E}.Release|Any CPU.ActiveCfg = Release|Any CPU
		{905D0B29-2E48-4254-860E-CA7DD67F276E}.Release|Any CPU.Build.0 = Release|Any CPU
		{905D0B29-2E48-4254-860E-CA7DD67F276E}.Release|Mixed Platforms.ActiveCfg = Release|Any CPU
		{905D0B29-2E48-4254-860E-CA7DD67F276E}.Release|Mixed Platforms.Build.0 = Release|Any CPU
		{905D0B29-2E48-4254-860E-CA7DD67F276E}.Release|x86.ActiveCfg = Release|Any CPU
		{297C60D1-8CFA-438F-8DFE-2B53AE880D45}.Release|Any CPU.ActiveCfg = Release|Any CPU
		{297C60D1-8CFA-438F-8DFE-2B53AE880D45}.Release|Any CPU.Build.0 = Release|Any CPU
		{297C60D1-8CFA-438F-8DFE-2B53AE880D45}.Release|Mixed Platforms.ActiveCfg = Release|Any CPU
		{297C60D1-8CFA-438F-8DFE-2B53AE880D45}.Release|Mixed Platforms.Build.0 = Release|Any CPU
		{297C60D1-8CFA-438F-8DFE-2B53AE880D45}.Release|x86.ActiveCfg = Release|x86
		{297C60D1-8CFA-438F-8DFE-2B53AE880D45}.Release|x86.Build.0 = Release|x86
		{E5BF32CE-5EB9-4DA4-9C08-1215F06A69ED}.Release|Any CPU.ActiveCfg = Release|Any CPU
		{E5BF32CE-5EB9-4DA4-9C08-1215F06A69ED}.Release|Any CPU.Build.0 = Release|Any CPU
		{E5BF32CE-5EB9-4DA4-9C08-1215F06A69ED}.Release|Mixed Platforms.ActiveCfg = Release|Any CPU
		{E5BF32CE-5EB9-4DA4-9C08-1215F06A69ED}.Release|Mixed Platforms.Build.0 = Release|Any CPU
		{E5BF32CE-5EB9-4DA4-9C08-1215F06A69ED}.Release|x86.ActiveCfg = Release|x86
		{E5BF32CE-5EB9-4DA4-9C08-1215F06A69ED}.Release|x86.Build.0 = Release|x86
		{8BE9ACF6-A736-4E5A-AC74-9D9C4E495984}.Release|Any CPU.ActiveCfg = Release|Any CPU
		{8BE9ACF6-A736-4E5A-AC74-9D9C4E495984}.Release|Any CPU.Build.0 = Release|Any CPU
		{8BE9ACF6-A736-4E5A-AC74-9D9C4E495984}.Release|Mixed Platforms.ActiveCfg = Release|Any CPU
		{8BE9ACF6-A736-4E5A-AC74-9D9C4E495984}.Release|Mixed Platforms.Build.0 = Release|Any CPU
		{8BE9ACF6-A736-4E5A-AC74-9D9C4E495984}.Release|x86.ActiveCfg = Release|Any CPU
		{2AF797E7-BBB5-4081-82B8-538C6331822F}.Release|Any CPU.ActiveCfg = Release|Any CPU
		{2AF797E7-BBB5-4081-82B8-538C6331822F}.Release|Any CPU.Build.0 = Release|Any CPU
		{2AF797E7-BBB5-4081-82B8-538C6331822F}.Release|Mixed Platforms.ActiveCfg = Release|Any CPU
		{2AF797E7-BBB5-4081-82B8-538C6331822F}.Release|Mixed Platforms.Build.0 = Release|Any CPU
		{2AF797E7-BBB5-4081-82B8-538C6331822F}.Release|x86.ActiveCfg = Release|Any CPU
		{B8A291F7-46A0-4248-91AC-72A8EED2CEFC}.Release|Any CPU.ActiveCfg = Release|Any CPU
		{B8A291F7-46A0-4248-91AC-72A8EED2CEFC}.Release|Any CPU.Build.0 = Release|Any CPU
		{B8A291F7-46A0-4248-91AC-72A8EED2CEFC}.Release|Mixed Platforms.ActiveCfg = Release|Any CPU
		{B8A291F7-46A0-4248-91AC-72A8EED2CEFC}.Release|Mixed Platforms.Build.0 = Release|Any CPU
		{B8A291F7-46A0-4248-91AC-72A8EED2CEFC}.Release|x86.ActiveCfg = Release|Any CPU
		{2AA67F6D-E3E1-480F-AEA5-349E2D449093}.Release|Any CPU.ActiveCfg = Release|Any CPU
		{2AA67F6D-E3E1-480F-AEA5-349E2D449093}.Release|Any CPU.Build.0 = Release|Any CPU
		{2AA67F6D-E3E1-480F-AEA5-349E2D449093}.Release|Mixed Platforms.ActiveCfg = Release|Any CPU
		{2AA67F6D-E3E1-480F-AEA5-349E2D449093}.Release|Mixed Platforms.Build.0 = Release|Any CPU
		{2AA67F6D-E3E1-480F-AEA5-349E2D449093}.Release|x86.ActiveCfg = Release|Any CPU
		{18B24B89-05D3-42B3-BFDF-652D2F164D92}.Release|Any CPU.ActiveCfg = Release|Any CPU
		{18B24B89-05D3-42B3-BFDF-652D2F164D92}.Release|Any CPU.Build.0 = Release|Any CPU
		{18B24B89-05D3-42B3-BFDF-652D2F164D92}.Release|Mixed Platforms.ActiveCfg = Release|Any CPU
		{18B24B89-05D3-42B3-BFDF-652D2F164D92}.Release|Mixed Platforms.Build.0 = Release|Any CPU
		{18B24B89-05D3-42B3-BFDF-652D2F164D92}.Release|x86.ActiveCfg = Release|x86
		{18B24B89-05D3-42B3-BFDF-652D2F164D92}.Release|x86.Build.0 = Release|x86
		{536D50D8-C909-47D4-8C76-C12739FBB6CA}.Release|Any CPU.ActiveCfg = Release|Any CPU
		{536D50D8-C909-47D4-8C76-C12739FBB6CA}.Release|Any CPU.Build.0 = Release|Any CPU
		{536D50D8-C909-47D4-8C76-C12739FBB6CA}.Release|Mixed Platforms.ActiveCfg = Release|Any CPU
		{536D50D8-C909-47D4-8C76-C12739FBB6CA}.Release|Mixed Platforms.Build.0 = Release|Any CPU
		{536D50D8-C909-47D4-8C76-C12739FBB6CA}.Release|x86.ActiveCfg = Release|x86
		{536D50D8-C909-47D4-8C76-C12739FBB6CA}.Release|x86.Build.0 = Release|x86
		{BC84426F-3E14-4244-8CDE-71CA4D7331C0}.Release|Any CPU.ActiveCfg = Release|x86
		{BC84426F-3E14-4244-8CDE-71CA4D7331C0}.Release|Mixed Platforms.ActiveCfg = Release|x86
		{BC84426F-3E14-4244-8CDE-71CA4D7331C0}.Release|Mixed Platforms.Build.0 = Release|x86
		{BC84426F-3E14-4244-8CDE-71CA4D7331C0}.Release|x86.ActiveCfg = Release|x86
		{BC84426F-3E14-4244-8CDE-71CA4D7331C0}.Release|x86.Build.0 = Release|x86
		{072156E0-8DB2-420A-9791-502F7DFBBC89}.Release|Any CPU.ActiveCfg = Release|x86
		{072156E0-8DB2-420A-9791-502F7DFBBC89}.Release|Mixed Platforms.ActiveCfg = Release|x86
		{072156E0-8DB2-420A-9791-502F7DFBBC89}.Release|Mixed Platforms.Build.0 = Release|x86
		{072156E0-8DB2-420A-9791-502F7DFBBC89}.Release|x86.ActiveCfg = Release|x86
		{072156E0-8DB2-420A-9791-502F7DFBBC89}.Release|x86.Build.0 = Release|x86
		{B2E6DE01-B273-461E-9653-46BABE66A720}.Release|Any CPU.ActiveCfg = Release|Any CPU
		{B2E6DE01-B273-461E-9653-46BABE66A720}.Release|Any CPU.Build.0 = Release|Any CPU
		{B2E6DE01-B273-461E-9653-46BABE66A720}.Release|Mixed Platforms.ActiveCfg = Release|Any CPU
		{B2E6DE01-B273-461E-9653-46BABE66A720}.Release|Mixed Platforms.Build.0 = Release|Any CPU
		{B2E6DE01-B273-461E-9653-46BABE66A720}.Release|x86.ActiveCfg = Release|Any CPU
		{9858C446-C23A-4D3E-B165-48E55047FB34}.Release|Any CPU.ActiveCfg = Release|x86
		{9858C446-C23A-4D3E-B165-48E55047FB34}.Release|Mixed Platforms.ActiveCfg = Release|x86
		{9858C446-C23A-4D3E-B165-48E55047FB34}.Release|Mixed Platforms.Build.0 = Release|x86
		{9858C446-C23A-4D3E-B165-48E55047FB34}.Release|x86.ActiveCfg = Release|x86
		{9858C446-C23A-4D3E-B165-48E55047FB34}.Release|x86.Build.0 = Release|x86
		{7EA2EDEE-8716-499D-A07A-ADFA6AB0B64C}.Release|Any CPU.ActiveCfg = Release|x86
		{7EA2EDEE-8716-499D-A07A-ADFA6AB0B64C}.Release|Mixed Platforms.ActiveCfg = Release|x86
		{7EA2EDEE-8716-499D-A07A-ADFA6AB0B64C}.Release|Mixed Platforms.Build.0 = Release|x86
		{7EA2EDEE-8716-499D-A07A-ADFA6AB0B64C}.Release|x86.ActiveCfg = Release|x86
		{7EA2EDEE-8716-499D-A07A-ADFA6AB0B64C}.Release|x86.Build.0 = Release|x86
		{5EAF76AA-2DF0-40C9-A124-AB8C38F1312D}.Release|Any CPU.ActiveCfg = Release|Any CPU
		{5EAF76AA-2DF0-40C9-A124-AB8C38F1312D}.Release|Any CPU.Build.0 = Release|Any CPU
		{5EAF76AA-2DF0-40C9-A124-AB8C38F1312D}.Release|Mixed Platforms.ActiveCfg = Release|Any CPU
		{5EAF76AA-2DF0-40C9-A124-AB8C38F1312D}.Release|Mixed Platforms.Build.0 = Release|Any CPU
		{5EAF76AA-2DF0-40C9-A124-AB8C38F1312D}.Release|x86.ActiveCfg = Release|Any CPU
		{ED6E1963-610B-4164-9921-E63744652CBE}.Release|Any CPU.ActiveCfg = Release|Any CPU
		{ED6E1963-610B-4164-9921-E63744652CBE}.Release|Any CPU.Build.0 = Release|Any CPU
		{ED6E1963-610B-4164-9921-E63744652CBE}.Release|Mixed Platforms.ActiveCfg = Release|Any CPU
		{ED6E1963-610B-4164-9921-E63744652CBE}.Release|Mixed Platforms.Build.0 = Release|Any CPU
		{ED6E1963-610B-4164-9921-E63744652CBE}.Release|x86.ActiveCfg = Release|Any CPU
		{1E85984E-B75B-466E-B3DF-8085F8044AB1}.Release|Any CPU.ActiveCfg = Release|Any CPU
		{1E85984E-B75B-466E-B3DF-8085F8044AB1}.Release|Any CPU.Build.0 = Release|Any CPU
		{1E85984E-B75B-466E-B3DF-8085F8044AB1}.Release|Mixed Platforms.ActiveCfg = Release|Any CPU
		{1E85984E-B75B-466E-B3DF-8085F8044AB1}.Release|Mixed Platforms.Build.0 = Release|Any CPU
		{1E85984E-B75B-466E-B3DF-8085F8044AB1}.Release|x86.ActiveCfg = Release|Any CPU
		{55ADD1D9-71C4-44D5-8B45-A735576BB9D2}.Release|Any CPU.ActiveCfg = Release|Any CPU
		{55ADD1D9-71C4-44D5-8B45-A735576BB9D2}.Release|Any CPU.Build.0 = Release|Any CPU
		{55ADD1D9-71C4-44D5-8B45-A735576BB9D2}.Release|Mixed Platforms.ActiveCfg = Release|Any CPU
		{55ADD1D9-71C4-44D5-8B45-A735576BB9D2}.Release|Mixed Platforms.Build.0 = Release|Any CPU
		{55ADD1D9-71C4-44D5-8B45-A735576BB9D2}.Release|x86.ActiveCfg = Release|Any CPU
	EndGlobalSection
	GlobalSection(SolutionProperties) = preSolution
		HideSolutionNode = FALSE
	EndGlobalSection
	GlobalSection(NestedProjects) = preSolution
		{5FFD1B5D-D635-4022-BEC0-EBBA6C4CB319} = {3DA43E32-E483-4B11-9785-68669014A63A}
		{E9E45B4E-6C77-4173-B254-B7E1D3FD52D2} = {3DA43E32-E483-4B11-9785-68669014A63A}
		{A2E96C4A-9E9A-40F3-809C-779935D2C0C6} = {3DA43E32-E483-4B11-9785-68669014A63A}
		{378DEE54-690B-4745-992A-AFC818FB514E} = {3DA43E32-E483-4B11-9785-68669014A63A}
		{36B29F0A-F3FE-46C8-A3D3-DB4EC747B8A7} = {3DA43E32-E483-4B11-9785-68669014A63A}
		{E01CC36B-ABF8-4DC8-9C63-9CE03500A766} = {3DA43E32-E483-4B11-9785-68669014A63A}
		{4D8225ED-5A0A-460B-B8D2-40BE32CAD480} = {3DA43E32-E483-4B11-9785-68669014A63A}
		{B57E09B1-B8DA-4581-9794-AEC471017757} = {3DA43E32-E483-4B11-9785-68669014A63A}
		{AC1E729F-0C49-4976-AEDA-53B8DC724BA5} = {3DA43E32-E483-4B11-9785-68669014A63A}
		{FC4B8F47-1542-4CFE-B4AF-E14EB6D53499} = {3DA43E32-E483-4B11-9785-68669014A63A}
		{CA706A92-AA36-4960-9ACD-637C2B82EF7B} = {3DA43E32-E483-4B11-9785-68669014A63A}
		{B022EF1E-43FC-4E62-884F-8E1BDFE84A18} = {3DA43E32-E483-4B11-9785-68669014A63A}
		{7151EF82-995E-429B-BBA8-A3EE7FBD3536} = {E6B46FC4-1652-43EB-81EE-39F7E4BA6F2D}
		{905D0B29-2E48-4254-860E-CA7DD67F276E} = {E9E45B4E-6C77-4173-B254-B7E1D3FD52D2}
		{297C60D1-8CFA-438F-8DFE-2B53AE880D45} = {5FFD1B5D-D635-4022-BEC0-EBBA6C4CB319}
		{E5BF32CE-5EB9-4DA4-9C08-1215F06A69ED} = {A2E96C4A-9E9A-40F3-809C-779935D2C0C6}
		{8BE9ACF6-A736-4E5A-AC74-9D9C4E495984} = {378DEE54-690B-4745-992A-AFC818FB514E}
		{2AF797E7-BBB5-4081-82B8-538C6331822F} = {36B29F0A-F3FE-46C8-A3D3-DB4EC747B8A7}
		{B8A291F7-46A0-4248-91AC-72A8EED2CEFC} = {E01CC36B-ABF8-4DC8-9C63-9CE03500A766}
		{2AA67F6D-E3E1-480F-AEA5-349E2D449093} = {E01CC36B-ABF8-4DC8-9C63-9CE03500A766}
		{18B24B89-05D3-42B3-BFDF-652D2F164D92} = {4D8225ED-5A0A-460B-B8D2-40BE32CAD480}
		{536D50D8-C909-47D4-8C76-C12739FBB6CA} = {B57E09B1-B8DA-4581-9794-AEC471017757}
		{BC84426F-3E14-4244-8CDE-71CA4D7331C0} = {A2E96C4A-9E9A-40F3-809C-779935D2C0C6}
		{072156E0-8DB2-420A-9791-502F7DFBBC89} = {FC4B8F47-1542-4CFE-B4AF-E14EB6D53499}
		{B2E6DE01-B273-461E-9653-46BABE66A720} = {FC4B8F47-1542-4CFE-B4AF-E14EB6D53499}
		{9858C446-C23A-4D3E-B165-48E55047FB34} = {CA706A92-AA36-4960-9ACD-637C2B82EF7B}
		{7EA2EDEE-8716-499D-A07A-ADFA6AB0B64C} = {B022EF1E-43FC-4E62-884F-8E1BDFE84A18}
		{5EAF76AA-2DF0-40C9-A124-AB8C38F1312D} = {CA706A92-AA36-4960-9ACD-637C2B82EF7B}
		{ED6E1963-610B-4164-9921-E63744652CBE} = {36B29F0A-F3FE-46C8-A3D3-DB4EC747B8A7}
		{1FFCE7BC-4E44-4280-9BB2-D21CA23FDDBA} = {3DA43E32-E483-4B11-9785-68669014A63A}
		{1E85984E-B75B-466E-B3DF-8085F8044AB1} = {1FFCE7BC-4E44-4280-9BB2-D21CA23FDDBA}
		{55ADD1D9-71C4-44D5-8B45-A735576BB9D2} = {1FFCE7BC-4E44-4280-9BB2-D21CA23FDDBA}
	EndGlobalSection
EndGlobal
